
Microsoft Visual Studio Solution File, Format Version 12.00
# Visual Studio Version 17
VisualStudioVersion = 17.13.35919.96 d17.13
MinimumVisualStudioVersion = 10.0.40219.1
Project("{FAE04EC0-301F-11D3-BF4B-00C04F79EFBC}") = "ContactApi", "ContactApi\ContactApi.csproj", "{DD0F4F70-4437-4978-A7C4-7B95F11BE2EF}"
EndProject
Global
	GlobalSection(SolutionConfigurationPlatforms) = preSolution
		Debug|Any CPU = Debug|Any CPU
		Release|Any CPU = Release|Any CPU
	EndGlobalSection
	GlobalSection(ProjectConfigurationPlatforms) = postSolution
		{DD0F4F70-4437-4978-A7C4-7B95F11BE2EF}.Debug|Any CPU.ActiveCfg = Debug|Any CPU
		{DD0F4F70-4437-4978-A7C4-7B95F11BE2EF}.Debug|Any CPU.Build.0 = Debug|Any CPU
		{DD0F4F70-4437-4978-A7C4-7B95F11BE2EF}.Release|Any CPU.ActiveCfg = Release|Any CPU
		{DD0F4F70-4437-4978-A7C4-7B95F11BE2EF}.Release|Any CPU.Build.0 = Release|Any CPU
	EndGlobalSection
	GlobalSection(SolutionProperties) = preSolution
		HideSolutionNode = FALSE
	EndGlobalSection
	GlobalSection(ExtensibilityGlobals) = postSolution
		SolutionGuid = {61661240-9EE1-4021-85AA-57FDAC109A0D}
	EndGlobalSection
EndGlobal
